
Microsoft Visual Studio Solution File, Format Version 12.00
# Visual Studio 2012
Project("{FAE04EC0-301F-11D3-BF4B-00C04F79EFBC}") = "EvilDicom", "EvilDicom\EvilDicom.csproj", "{42E032E3-DAFE-4083-806E-C88C4266220E}"
EndProject
Project("{FAE04EC0-301F-11D3-BF4B-00C04F79EFBC}") = "EvilDicom.Metro", "EvilDicom.Metro\EvilDicom.Metro.csproj", "{3FFB9D6C-6FE0-45C4-90F8-6F1D20101612}"
EndProject
Project("{FAE04EC0-301F-11D3-BF4B-00C04F79EFBC}") = "Metro.DicomReader", "Metro.DicomReader\Metro.DicomReader.csproj", "{EA735D8D-0994-4749-A6A9-F4F18FA360EA}"
EndProject
Global
	GlobalSection(SolutionConfigurationPlatforms) = preSolution
		Debug|ARM = Debug|ARM
		Debug|Any CPU = Debug|Any CPU
		Debug|x64 = Debug|x64
		Debug|x86 = Debug|x86
		Release|ARM = Release|ARM
		Release|Any CPU = Release|Any CPU
		Release|x64 = Release|x64
		Release|x86 = Release|x86
	EndGlobalSection
	GlobalSection(ProjectConfigurationPlatforms) = postSolution
		{3FFB9D6C-6FE0-45C4-90F8-6F1D20101612}.Debug|ARM.ActiveCfg = Debug|ARM
		{3FFB9D6C-6FE0-45C4-90F8-6F1D20101612}.Debug|ARM.Build.0 = Debug|ARM
		{3FFB9D6C-6FE0-45C4-90F8-6F1D20101612}.Debug|Any CPU.ActiveCfg = Debug|Any CPU
		{3FFB9D6C-6FE0-45C4-90F8-6F1D20101612}.Debug|Any CPU.Build.0 = Debug|Any CPU
		{3FFB9D6C-6FE0-45C4-90F8-6F1D20101612}.Debug|x64.ActiveCfg = Debug|x64
		{3FFB9D6C-6FE0-45C4-90F8-6F1D20101612}.Debug|x64.Build.0 = Debug|x64
		{3FFB9D6C-6FE0-45C4-90F8-6F1D20101612}.Debug|x86.ActiveCfg = Debug|x86
		{3FFB9D6C-6FE0-45C4-90F8-6F1D20101612}.Debug|x86.Build.0 = Debug|x86
		{3FFB9D6C-6FE0-45C4-90F8-6F1D20101612}.Release|ARM.ActiveCfg = Release|ARM
		{3FFB9D6C-6FE0-45C4-90F8-6F1D20101612}.Release|ARM.Build.0 = Release|ARM
		{3FFB9D6C-6FE0-45C4-90F8-6F1D20101612}.Release|Any CPU.ActiveCfg = Release|Any CPU
		{3FFB9D6C-6FE0-45C4-90F8-6F1D20101612}.Release|Any CPU.Build.0 = Release|Any CPU
		{3FFB9D6C-6FE0-45C4-90F8-6F1D20101612}.Release|x64.ActiveCfg = Release|x64
		{3FFB9D6C-6FE0-45C4-90F8-6F1D20101612}.Release|x64.Build.0 = Release|x64
		{3FFB9D6C-6FE0-45C4-90F8-6F1D20101612}.Release|x86.ActiveCfg = Release|x86
		{3FFB9D6C-6FE0-45C4-90F8-6F1D20101612}.Release|x86.Build.0 = Release|x86
		{42E032E3-DAFE-4083-806E-C88C4266220E}.Debug|ARM.ActiveCfg = Debug|Any CPU
		{42E032E3-DAFE-4083-806E-C88C4266220E}.Debug|Any CPU.ActiveCfg = Debug|Any CPU
		{42E032E3-DAFE-4083-806E-C88C4266220E}.Debug|Any CPU.Build.0 = Debug|Any CPU
		{42E032E3-DAFE-4083-806E-C88C4266220E}.Debug|x64.ActiveCfg = Debug|Any CPU
		{42E032E3-DAFE-4083-806E-C88C4266220E}.Debug|x86.ActiveCfg = Debug|Any CPU
		{42E032E3-DAFE-4083-806E-C88C4266220E}.Release|ARM.ActiveCfg = Release|Any CPU
		{42E032E3-DAFE-4083-806E-C88C4266220E}.Release|Any CPU.ActiveCfg = Release|Any CPU
		{42E032E3-DAFE-4083-806E-C88C4266220E}.Release|Any CPU.Build.0 = Release|Any CPU
		{42E032E3-DAFE-4083-806E-C88C4266220E}.Release|x64.ActiveCfg = Release|Any CPU
		{42E032E3-DAFE-4083-806E-C88C4266220E}.Release|x86.ActiveCfg = Release|Any CPU
		{EA735D8D-0994-4749-A6A9-F4F18FA360EA}.Debug|ARM.ActiveCfg = Debug|ARM
		{EA735D8D-0994-4749-A6A9-F4F18FA360EA}.Debug|ARM.Build.0 = Debug|ARM
		{EA735D8D-0994-4749-A6A9-F4F18FA360EA}.Debug|ARM.Deploy.0 = Debug|ARM
		{EA735D8D-0994-4749-A6A9-F4F18FA360EA}.Debug|Any CPU.ActiveCfg = Debug|Any CPU
		{EA735D8D-0994-4749-A6A9-F4F18FA360EA}.Debug|Any CPU.Build.0 = Debug|Any CPU
		{EA735D8D-0994-4749-A6A9-F4F18FA360EA}.Debug|Any CPU.Deploy.0 = Debug|Any CPU
		{EA735D8D-0994-4749-A6A9-F4F18FA360EA}.Debug|x64.ActiveCfg = Debug|x64
		{EA735D8D-0994-4749-A6A9-F4F18FA360EA}.Debug|x64.Build.0 = Debug|x64
		{EA735D8D-0994-4749-A6A9-F4F18FA360EA}.Debug|x64.Deploy.0 = Debug|x64
		{EA735D8D-0994-4749-A6A9-F4F18FA360EA}.Debug|x86.ActiveCfg = Debug|x86
		{EA735D8D-0994-4749-A6A9-F4F18FA360EA}.Debug|x86.Build.0 = Debug|x86
		{EA735D8D-0994-4749-A6A9-F4F18FA360EA}.Debug|x86.Deploy.0 = Debug|x86
		{EA735D8D-0994-4749-A6A9-F4F18FA360EA}.Release|ARM.ActiveCfg = Release|ARM
		{EA735D8D-0994-4749-A6A9-F4F18FA360EA}.Release|ARM.Build.0 = Release|ARM
		{EA735D8D-0994-4749-A6A9-F4F18FA360EA}.Release|ARM.Deploy.0 = Release|ARM
		{EA735D8D-0994-4749-A6A9-F4F18FA360EA}.Release|Any CPU.ActiveCfg = Release|Any CPU
		{EA735D8D-0994-4749-A6A9-F4F18FA360EA}.Release|Any CPU.Build.0 = Release|Any CPU
		{EA735D8D-0994-4749-A6A9-F4F18FA360EA}.Release|Any CPU.Deploy.0 = Release|Any CPU
		{EA735D8D-0994-4749-A6A9-F4F18FA360EA}.Release|x64.ActiveCfg = Release|x64
		{EA735D8D-0994-4749-A6A9-F4F18FA360EA}.Release|x64.Build.0 = Release|x64
		{EA735D8D-0994-4749-A6A9-F4F18FA360EA}.Release|x64.Deploy.0 = Release|x64
		{EA735D8D-0994-4749-A6A9-F4F18FA360EA}.Release|x86.ActiveCfg = Release|x86
		{EA735D8D-0994-4749-A6A9-F4F18FA360EA}.Release|x86.Build.0 = Release|x86
		{EA735D8D-0994-4749-A6A9-F4F18FA360EA}.Release|x86.Deploy.0 = Release|x86
	EndGlobalSection
	GlobalSection(SolutionProperties) = preSolution
		HideSolutionNode = FALSE
	EndGlobalSection
EndGlobal
